{
  "requires": true,
  "lockfileVersion": 1,
  "dependencies": {
    "husky": {
      "version": "9.1.5",
      "resolved": "https://registry.npmmirror.com/husky/-/husky-9.1.5.tgz",
      "integrity": "sha512-rowAVRUBfI0b4+niA4SJMhfQwc107VLkBUgEYYAOQAbqDCnra1nYh83hF/MDmhYs9t9n1E3DuKOrs2LYNC+0Ag==",
      "dev": true
    }
  }
}
